
Microsoft Visual Studio Solution File, Format Version 12.00
# Visual Studio Version 17
VisualStudioVersion = 17.0.31611.283
MinimumVisualStudioVersion = 10.0.40219.1
Project("{9A19103F-16F7-4668-BE54-9A1E7A4F7556}") = "WorkoutsApp", "Workouts\WorkoutsApp.csproj", "{17045752-1AC5-45A1-A947-588331567311}"
EndProject
Project("{9A19103F-16F7-4668-BE54-9A1E7A4F7556}") = "Repositories", "Repositories\Repositories.csproj", "{894FE73C-2BED-43A5-8ED3-4FCF177E0EB4}"
EndProject
Project("{FAE04EC0-301F-11D3-BF4B-00C04F79EFBC}") = "Services", "Services\Services.csproj", "{BBAF0886-17A2-48B5-9A5F-B2758C862AC9}"
EndProject
Global
	GlobalSection(SolutionConfigurationPlatforms) = preSolution
		Debug|Any CPU = Debug|Any CPU
		Release|Any CPU = Release|Any CPU
	EndGlobalSection
	GlobalSection(ProjectConfigurationPlatforms) = postSolution
		{17045752-1AC5-45A1-A947-588331567311}.Debug|Any CPU.ActiveCfg = Debug|Any CPU
		{17045752-1AC5-45A1-A947-588331567311}.Debug|Any CPU.Build.0 = Debug|Any CPU
		{17045752-1AC5-45A1-A947-588331567311}.Debug|Any CPU.Deploy.0 = Debug|Any CPU
		{17045752-1AC5-45A1-A947-588331567311}.Release|Any CPU.ActiveCfg = Release|Any CPU
		{17045752-1AC5-45A1-A947-588331567311}.Release|Any CPU.Build.0 = Release|Any CPU
		{17045752-1AC5-45A1-A947-588331567311}.Release|Any CPU.Deploy.0 = Release|Any CPU
		{894FE73C-2BED-43A5-8ED3-4FCF177E0EB4}.Debug|Any CPU.ActiveCfg = Debug|Any CPU
		{894FE73C-2BED-43A5-8ED3-4FCF177E0EB4}.Debug|Any CPU.Build.0 = Debug|Any CPU
		{894FE73C-2BED-43A5-8ED3-4FCF177E0EB4}.Release|Any CPU.ActiveCfg = Release|Any CPU
		{894FE73C-2BED-43A5-8ED3-4FCF177E0EB4}.Release|Any CPU.Build.0 = Release|Any CPU
		{BBAF0886-17A2-48B5-9A5F-B2758C862AC9}.Debug|Any CPU.ActiveCfg = Debug|Any CPU
		{BBAF0886-17A2-48B5-9A5F-B2758C862AC9}.Debug|Any CPU.Build.0 = Debug|Any CPU
		{BBAF0886-17A2-48B5-9A5F-B2758C862AC9}.Release|Any CPU.ActiveCfg = Release|Any CPU
		{BBAF0886-17A2-48B5-9A5F-B2758C862AC9}.Release|Any CPU.Build.0 = Release|Any CPU
	EndGlobalSection
	GlobalSection(SolutionProperties) = preSolution
		HideSolutionNode = FALSE
	EndGlobalSection
	GlobalSection(ExtensibilityGlobals) = postSolution
		SolutionGuid = {61F7FB11-1E47-470C-91E2-47F8143E1572}
	EndGlobalSection
EndGlobal
